
Microsoft Visual Studio Solution File, Format Version 12.00
# Visual Studio Version 17
VisualStudioVersion = 17.10.35027.167
MinimumVisualStudioVersion = 10.0.40219.1
Project("{9A19103F-16F7-4668-BE54-9A1E7A4F7556}") = "API", "API\API.csproj", "{02D6A271-6C4F-4823-B61E-A654FE87A4BD}"
EndProject
Project("{9A19103F-16F7-4668-BE54-9A1E7A4F7556}") = "Domain", "Domain\Domain.csproj", "{3069D1BE-0D29-4BAC-9924-4441BDDFF534}"
EndProject
Project("{9A19103F-16F7-4668-BE54-9A1E7A4F7556}") = "Repository", "Repository\Repository.csproj", "{2643A5EA-8CDD-424A-B769-CC57F909CDD0}"
EndProject
Project("{9A19103F-16F7-4668-BE54-9A1E7A4F7556}") = "Infrastructure", "Infrastructure\Infrastructure.csproj", "{5B2BAFA5-0FD7-4FCD-94CD-E63113DE7107}"
EndProject
Project("{2150E333-8FDC-42A3-9474-1A3956D46DE8}") = "0. CLIENTS", "0. CLIENTS", "{EAE19282-C633-492C-A982-BC16415B0512}"
EndProject
Project("{2150E333-8FDC-42A3-9474-1A3956D46DE8}") = "1. DOMAIN", "1. DOMAIN", "{60FE1161-5204-452A-A13F-9B7CACAE363F}"
EndProject
Project("{2150E333-8FDC-42A3-9474-1A3956D46DE8}") = "2. REPOSITORY", "2. REPOSITORY", "{304F68CA-275C-471B-B636-8C3A8C9A53B9}"
EndProject
Project("{2150E333-8FDC-42A3-9474-1A3956D46DE8}") = "3. TRANSVERSAL", "3. TRANSVERSAL", "{7B4B7D12-97C0-4DEB-AAF3-AB1C944AACB4}"
EndProject
Global
	GlobalSection(SolutionConfigurationPlatforms) = preSolution
		Debug|Any CPU = Debug|Any CPU
		Release|Any CPU = Release|Any CPU
	EndGlobalSection
	GlobalSection(ProjectConfigurationPlatforms) = postSolution
		{02D6A271-6C4F-4823-B61E-A654FE87A4BD}.Debug|Any CPU.ActiveCfg = Debug|Any CPU
		{02D6A271-6C4F-4823-B61E-A654FE87A4BD}.Debug|Any CPU.Build.0 = Debug|Any CPU
		{02D6A271-6C4F-4823-B61E-A654FE87A4BD}.Release|Any CPU.ActiveCfg = Release|Any CPU
		{02D6A271-6C4F-4823-B61E-A654FE87A4BD}.Release|Any CPU.Build.0 = Release|Any CPU
		{3069D1BE-0D29-4BAC-9924-4441BDDFF534}.Debug|Any CPU.ActiveCfg = Debug|Any CPU
		{3069D1BE-0D29-4BAC-9924-4441BDDFF534}.Debug|Any CPU.Build.0 = Debug|Any CPU
		{3069D1BE-0D29-4BAC-9924-4441BDDFF534}.Release|Any CPU.ActiveCfg = Release|Any CPU
		{3069D1BE-0D29-4BAC-9924-4441BDDFF534}.Release|Any CPU.Build.0 = Release|Any CPU
		{2643A5EA-8CDD-424A-B769-CC57F909CDD0}.Debug|Any CPU.ActiveCfg = Debug|Any CPU
		{2643A5EA-8CDD-424A-B769-CC57F909CDD0}.Debug|Any CPU.Build.0 = Debug|Any CPU
		{2643A5EA-8CDD-424A-B769-CC57F909CDD0}.Release|Any CPU.ActiveCfg = Release|Any CPU
		{2643A5EA-8CDD-424A-B769-CC57F909CDD0}.Release|Any CPU.Build.0 = Release|Any CPU
		{5B2BAFA5-0FD7-4FCD-94CD-E63113DE7107}.Debug|Any CPU.ActiveCfg = Debug|Any CPU
		{5B2BAFA5-0FD7-4FCD-94CD-E63113DE7107}.Debug|Any CPU.Build.0 = Debug|Any CPU
		{5B2BAFA5-0FD7-4FCD-94CD-E63113DE7107}.Release|Any CPU.ActiveCfg = Release|Any CPU
		{5B2BAFA5-0FD7-4FCD-94CD-E63113DE7107}.Release|Any CPU.Build.0 = Release|Any CPU
	EndGlobalSection
	GlobalSection(SolutionProperties) = preSolution
		HideSolutionNode = FALSE
	EndGlobalSection
	GlobalSection(NestedProjects) = preSolution
		{02D6A271-6C4F-4823-B61E-A654FE87A4BD} = {EAE19282-C633-492C-A982-BC16415B0512}
		{3069D1BE-0D29-4BAC-9924-4441BDDFF534} = {60FE1161-5204-452A-A13F-9B7CACAE363F}
		{2643A5EA-8CDD-424A-B769-CC57F909CDD0} = {304F68CA-275C-471B-B636-8C3A8C9A53B9}
		{5B2BAFA5-0FD7-4FCD-94CD-E63113DE7107} = {7B4B7D12-97C0-4DEB-AAF3-AB1C944AACB4}
	EndGlobalSection
	GlobalSection(ExtensibilityGlobals) = postSolution
		SolutionGuid = {2A96067A-A98E-4652-BE73-B62B14031D4A}
	EndGlobalSection
EndGlobal
