
Microsoft Visual Studio Solution File, Format Version 12.00
# Visual Studio Version 17
VisualStudioVersion = 17.10.35027.167
MinimumVisualStudioVersion = 10.0.40219.1
Project("{9A19103F-16F7-4668-BE54-9A1E7A4F7556}") = "API", "API\API.csproj", "{02D6A271-6C4F-4823-B61E-A654FE87A4BD}"
EndProject
Project("{9A19103F-16F7-4668-BE54-9A1E7A4F7556}") = "Domain", "Domain\Domain.csproj", "{3069D1BE-0D29-4BAC-9924-4441BDDFF534}"
EndProject
Project("{2150E333-8FDC-42A3-9474-1A3956D46DE8}") = "0. PRESENTATION", "0. PRESENTATION", "{EAE19282-C633-492C-A982-BC16415B0512}"
EndProject
Project("{2150E333-8FDC-42A3-9474-1A3956D46DE8}") = "2. DOMAIN", "2. DOMAIN", "{60FE1161-5204-452A-A13F-9B7CACAE363F}"
EndProject
Project("{2150E333-8FDC-42A3-9474-1A3956D46DE8}") = "3. INFRASTRUCTURE", "3. INFRASTRUCTURE", "{7B4B7D12-97C0-4DEB-AAF3-AB1C944AACB4}"
EndProject
Project("{2150E333-8FDC-42A3-9474-1A3956D46DE8}") = "1. APPLICATION", "1. APPLICATION", "{1823CFD7-D5DB-4FC1-81B6-BC338ABD51F6}"
EndProject
Project("{9A19103F-16F7-4668-BE54-9A1E7A4F7556}") = "Application", "Application\Application.csproj", "{4F44B92C-11C3-4279-A1B7-E91EEAC1CF88}"
EndProject
Project("{9A19103F-16F7-4668-BE54-9A1E7A4F7556}") = "Infra.Repositories.EF", "Repositories.EF\Infra.Repositories.EF.csproj", "{37BE5207-5EBE-40FA-859A-21F0253ED2DE}"
EndProject
Project("{9A19103F-16F7-4668-BE54-9A1E7A4F7556}") = "Infra.DTOs", "DTOs\Infra.DTOs.csproj", "{CA96267F-3C0D-407F-A671-484DB207A35A}"
EndProject
Project("{2150E333-8FDC-42A3-9474-1A3956D46DE8}") = "4. TESTS", "4. TESTS", "{82602EAC-6FCF-4F39-8896-7C7152F17DE0}"
EndProject
Project("{9A19103F-16F7-4668-BE54-9A1E7A4F7556}") = "Infra.Repository.EF.UnitTests", "Tests.Infra.Repository.EF\Infra.Repository.EF.UnitTests.csproj", "{B6FF2954-0EB7-4E52-A95C-A59F424965F8}"
EndProject
Project("{9A19103F-16F7-4668-BE54-9A1E7A4F7556}") = "Infra.Mappings", "Infra.Mappings\Infra.Mappings.csproj", "{1E140013-A369-41C2-BD75-9B4260492D6E}"
EndProject
Project("{2150E333-8FDC-42A3-9474-1A3956D46DE8}") = "5. SCRIPTS", "5. SCRIPTS", "{8D077CA9-EC4D-4756-9692-B3B822FB7B1F}"
	ProjectSection(SolutionItems) = preProject
		DatabaseGeneration.sql = DatabaseGeneration.sql
		DemoData.sql = DemoData.sql
	EndProjectSection
EndProject
Global
	GlobalSection(SolutionConfigurationPlatforms) = preSolution
		Debug|Any CPU = Debug|Any CPU
		Release|Any CPU = Release|Any CPU
	EndGlobalSection
	GlobalSection(ProjectConfigurationPlatforms) = postSolution
		{02D6A271-6C4F-4823-B61E-A654FE87A4BD}.Debug|Any CPU.ActiveCfg = Debug|Any CPU
		{02D6A271-6C4F-4823-B61E-A654FE87A4BD}.Debug|Any CPU.Build.0 = Debug|Any CPU
		{02D6A271-6C4F-4823-B61E-A654FE87A4BD}.Release|Any CPU.ActiveCfg = Release|Any CPU
		{02D6A271-6C4F-4823-B61E-A654FE87A4BD}.Release|Any CPU.Build.0 = Release|Any CPU
		{3069D1BE-0D29-4BAC-9924-4441BDDFF534}.Debug|Any CPU.ActiveCfg = Debug|Any CPU
		{3069D1BE-0D29-4BAC-9924-4441BDDFF534}.Debug|Any CPU.Build.0 = Debug|Any CPU
		{3069D1BE-0D29-4BAC-9924-4441BDDFF534}.Release|Any CPU.ActiveCfg = Release|Any CPU
		{3069D1BE-0D29-4BAC-9924-4441BDDFF534}.Release|Any CPU.Build.0 = Release|Any CPU
		{4F44B92C-11C3-4279-A1B7-E91EEAC1CF88}.Debug|Any CPU.ActiveCfg = Debug|Any CPU
		{4F44B92C-11C3-4279-A1B7-E91EEAC1CF88}.Debug|Any CPU.Build.0 = Debug|Any CPU
		{4F44B92C-11C3-4279-A1B7-E91EEAC1CF88}.Release|Any CPU.ActiveCfg = Release|Any CPU
		{4F44B92C-11C3-4279-A1B7-E91EEAC1CF88}.Release|Any CPU.Build.0 = Release|Any CPU
		{37BE5207-5EBE-40FA-859A-21F0253ED2DE}.Debug|Any CPU.ActiveCfg = Debug|Any CPU
		{37BE5207-5EBE-40FA-859A-21F0253ED2DE}.Debug|Any CPU.Build.0 = Debug|Any CPU
		{37BE5207-5EBE-40FA-859A-21F0253ED2DE}.Release|Any CPU.ActiveCfg = Release|Any CPU
		{37BE5207-5EBE-40FA-859A-21F0253ED2DE}.Release|Any CPU.Build.0 = Release|Any CPU
		{CA96267F-3C0D-407F-A671-484DB207A35A}.Debug|Any CPU.ActiveCfg = Debug|Any CPU
		{CA96267F-3C0D-407F-A671-484DB207A35A}.Debug|Any CPU.Build.0 = Debug|Any CPU
		{CA96267F-3C0D-407F-A671-484DB207A35A}.Release|Any CPU.ActiveCfg = Release|Any CPU
		{CA96267F-3C0D-407F-A671-484DB207A35A}.Release|Any CPU.Build.0 = Release|Any CPU
		{B6FF2954-0EB7-4E52-A95C-A59F424965F8}.Debug|Any CPU.ActiveCfg = Debug|Any CPU
		{B6FF2954-0EB7-4E52-A95C-A59F424965F8}.Debug|Any CPU.Build.0 = Debug|Any CPU
		{B6FF2954-0EB7-4E52-A95C-A59F424965F8}.Release|Any CPU.ActiveCfg = Release|Any CPU
		{B6FF2954-0EB7-4E52-A95C-A59F424965F8}.Release|Any CPU.Build.0 = Release|Any CPU
		{1E140013-A369-41C2-BD75-9B4260492D6E}.Debug|Any CPU.ActiveCfg = Debug|Any CPU
		{1E140013-A369-41C2-BD75-9B4260492D6E}.Debug|Any CPU.Build.0 = Debug|Any CPU
		{1E140013-A369-41C2-BD75-9B4260492D6E}.Release|Any CPU.ActiveCfg = Release|Any CPU
		{1E140013-A369-41C2-BD75-9B4260492D6E}.Release|Any CPU.Build.0 = Release|Any CPU
	EndGlobalSection
	GlobalSection(SolutionProperties) = preSolution
		HideSolutionNode = FALSE
	EndGlobalSection
	GlobalSection(NestedProjects) = preSolution
		{02D6A271-6C4F-4823-B61E-A654FE87A4BD} = {EAE19282-C633-492C-A982-BC16415B0512}
		{3069D1BE-0D29-4BAC-9924-4441BDDFF534} = {60FE1161-5204-452A-A13F-9B7CACAE363F}
		{4F44B92C-11C3-4279-A1B7-E91EEAC1CF88} = {1823CFD7-D5DB-4FC1-81B6-BC338ABD51F6}
		{37BE5207-5EBE-40FA-859A-21F0253ED2DE} = {7B4B7D12-97C0-4DEB-AAF3-AB1C944AACB4}
		{CA96267F-3C0D-407F-A671-484DB207A35A} = {7B4B7D12-97C0-4DEB-AAF3-AB1C944AACB4}
		{B6FF2954-0EB7-4E52-A95C-A59F424965F8} = {82602EAC-6FCF-4F39-8896-7C7152F17DE0}
		{1E140013-A369-41C2-BD75-9B4260492D6E} = {7B4B7D12-97C0-4DEB-AAF3-AB1C944AACB4}
	EndGlobalSection
	GlobalSection(ExtensibilityGlobals) = postSolution
		SolutionGuid = {2A96067A-A98E-4652-BE73-B62B14031D4A}
	EndGlobalSection
EndGlobal
