
Microsoft Visual Studio Solution File, Format Version 12.00
# Visual Studio Version 17
VisualStudioVersion = 17.0.31903.59
MinimumVisualStudioVersion = 10.0.40219.1
Project("{9A19103F-16F7-4668-BE54-9A1E7A4F7556}") = "API", "API\API.csproj", "{6714FD8B-1C09-439A-85A2-2B6B255A0BDB}"
EndProject
Project("{9A19103F-16F7-4668-BE54-9A1E7A4F7556}") = "Repository", "Repository\Repository.csproj", "{2B9531CA-184E-4ABD-858D-70D18B4A133F}"
EndProject
Project("{9A19103F-16F7-4668-BE54-9A1E7A4F7556}") = "Tests", "Tests\Tests.csproj", "{B1A745D6-D9DB-4390-810D-DEE41973E1C9}"
EndProject
Project("{9A19103F-16F7-4668-BE54-9A1E7A4F7556}") = "Infrastructure", "Infrastructure\Infrastructure.csproj", "{391BC6E5-91AD-4155-8378-854248BECF96}"
EndProject
Project("{2150E333-8FDC-42A3-9474-1A3956D46DE8}") = "Solution Items", "Solution Items", "{9F55139C-920B-4D1E-A2DB-67FC6B486234}"
	ProjectSection(SolutionItems) = preProject
		Dockerfile = Dockerfile
		README.md = README.md
		technical-justification.md = technical-justification.md
	EndProjectSection
EndProject
Project("{2150E333-8FDC-42A3-9474-1A3956D46DE8}") = "Scripts", "Scripts", "{2293AADE-E093-4FBB-BBDF-259CB71C4844}"
	ProjectSection(SolutionItems) = preProject
		1. CreacionDeTablasDeSeguridad.sql = 1. CreacionDeTablasDeSeguridad.sql
		2. CreaciónDeUsuarioRoot.sql = 2. CreaciónDeUsuarioRoot.sql
	EndProjectSection
EndProject
Project("{FAE04EC0-301F-11D3-BF4B-00C04F79EFBC}") = "Domain", "Domain\Domain.csproj", "{AE8CBD52-D74E-42B6-BBA0-40116C4D40D8}"
EndProject
Global
	GlobalSection(SolutionConfigurationPlatforms) = preSolution
		Debug|Any CPU = Debug|Any CPU
		Release|Any CPU = Release|Any CPU
	EndGlobalSection
	GlobalSection(ProjectConfigurationPlatforms) = postSolution
		{6714FD8B-1C09-439A-85A2-2B6B255A0BDB}.Debug|Any CPU.ActiveCfg = Debug|Any CPU
		{6714FD8B-1C09-439A-85A2-2B6B255A0BDB}.Debug|Any CPU.Build.0 = Debug|Any CPU
		{6714FD8B-1C09-439A-85A2-2B6B255A0BDB}.Release|Any CPU.ActiveCfg = Release|Any CPU
		{6714FD8B-1C09-439A-85A2-2B6B255A0BDB}.Release|Any CPU.Build.0 = Release|Any CPU
		{2B9531CA-184E-4ABD-858D-70D18B4A133F}.Debug|Any CPU.ActiveCfg = Debug|Any CPU
		{2B9531CA-184E-4ABD-858D-70D18B4A133F}.Debug|Any CPU.Build.0 = Debug|Any CPU
		{2B9531CA-184E-4ABD-858D-70D18B4A133F}.Release|Any CPU.ActiveCfg = Release|Any CPU
		{2B9531CA-184E-4ABD-858D-70D18B4A133F}.Release|Any CPU.Build.0 = Release|Any CPU
		{B1A745D6-D9DB-4390-810D-DEE41973E1C9}.Debug|Any CPU.ActiveCfg = Debug|Any CPU
		{B1A745D6-D9DB-4390-810D-DEE41973E1C9}.Debug|Any CPU.Build.0 = Debug|Any CPU
		{B1A745D6-D9DB-4390-810D-DEE41973E1C9}.Release|Any CPU.ActiveCfg = Release|Any CPU
		{B1A745D6-D9DB-4390-810D-DEE41973E1C9}.Release|Any CPU.Build.0 = Release|Any CPU
		{391BC6E5-91AD-4155-8378-854248BECF96}.Debug|Any CPU.ActiveCfg = Debug|Any CPU
		{391BC6E5-91AD-4155-8378-854248BECF96}.Debug|Any CPU.Build.0 = Debug|Any CPU
		{391BC6E5-91AD-4155-8378-854248BECF96}.Release|Any CPU.ActiveCfg = Release|Any CPU
		{391BC6E5-91AD-4155-8378-854248BECF96}.Release|Any CPU.Build.0 = Release|Any CPU
		{AE8CBD52-D74E-42B6-BBA0-40116C4D40D8}.Debug|Any CPU.ActiveCfg = Debug|Any CPU
		{AE8CBD52-D74E-42B6-BBA0-40116C4D40D8}.Debug|Any CPU.Build.0 = Debug|Any CPU
		{AE8CBD52-D74E-42B6-BBA0-40116C4D40D8}.Release|Any CPU.ActiveCfg = Release|Any CPU
		{AE8CBD52-D74E-42B6-BBA0-40116C4D40D8}.Release|Any CPU.Build.0 = Release|Any CPU
	EndGlobalSection
	GlobalSection(SolutionProperties) = preSolution
		HideSolutionNode = FALSE
	EndGlobalSection
	GlobalSection(NestedProjects) = preSolution
		{2293AADE-E093-4FBB-BBDF-259CB71C4844} = {9F55139C-920B-4D1E-A2DB-67FC6B486234}
	EndGlobalSection
	GlobalSection(ExtensibilityGlobals) = postSolution
		SolutionGuid = {DD9369A9-6E58-4A3F-842C-F2D9DBED27B1}
	EndGlobalSection
EndGlobal
