
Microsoft Visual Studio Solution File, Format Version 12.00
# Visual Studio Version 17
VisualStudioVersion = 17.5.002.0
MinimumVisualStudioVersion = 10.0.40219.1
Project("{2150E333-8FDC-42A3-9474-1A3956D46DE8}") = "src", "src", "{AD51D48B-DF8A-48E0-B535-44C7D2E92027}"
EndProject
Project("{9A19103F-16F7-4668-BE54-9A1E7A4F7556}") = "Domain.Core", "src\Domain.Core\Domain.Core.csproj", "{8E159FAF-03D8-4D43-A776-C14561E1B6F5}"
EndProject
Project("{9A19103F-16F7-4668-BE54-9A1E7A4F7556}") = "Infrastructure.Hasher", "src\Infrastructure.Hasher\Infrastructure.Hasher.csproj", "{33EE6F72-1F93-4A28-BE64-A22B32D4735E}"
EndProject
Project("{9A19103F-16F7-4668-BE54-9A1E7A4F7556}") = "Infrastructure.Mapper.AutoMapper", "src\Infrastructure.Mapper.AutoMapper\Infrastructure.Mapper.AutoMapper.csproj", "{76D9EF6C-DE01-47F5-8FC1-E7C9567492E7}"
EndProject
Project("{9A19103F-16F7-4668-BE54-9A1E7A4F7556}") = "Infrastructure.Repository.EF", "src\Infrastructure.Repository.EF\Infrastructure.Repository.EF.csproj", "{F4CE1411-B301-4320-AAF9-A7A4662470DA}"
EndProject
Project("{9A19103F-16F7-4668-BE54-9A1E7A4F7556}") = "Presentation.API", "src\Presentation.API\Presentation.API.csproj", "{39501C69-7DE0-4E02-AAF5-D8042AF34E31}"
EndProject
Project("{9A19103F-16F7-4668-BE54-9A1E7A4F7556}") = "Tests", "src\Tests\Tests.csproj", "{654D1153-FEF5-42BF-A7C9-2BF2B97AA092}"
EndProject
Project("{2150E333-8FDC-42A3-9474-1A3956D46DE8}") = "1. Presentation", "1. Presentation", "{2CB9FBF1-6E1C-46C1-AD84-F1942D48D688}"
EndProject
Project("{2150E333-8FDC-42A3-9474-1A3956D46DE8}") = "2. Application", "2. Application", "{661CC174-4873-46D6-B14B-79FEA0E44636}"
EndProject
Project("{2150E333-8FDC-42A3-9474-1A3956D46DE8}") = "3. Domain", "3. Domain", "{D9C5FDAB-AAA3-4B99-9E80-9180E4C2A820}"
EndProject
Project("{2150E333-8FDC-42A3-9474-1A3956D46DE8}") = "4. Infrastructure", "4. Infrastructure", "{B9147D3D-4D14-4828-8E34-1C8C79DAAD2F}"
EndProject
Project("{2150E333-8FDC-42A3-9474-1A3956D46DE8}") = "5. Tests", "5. Tests", "{5E362483-0F80-48D4-A3CD-2EE80565DBDB}"
EndProject
Project("{2150E333-8FDC-42A3-9474-1A3956D46DE8}") = "Solution Items", "Solution Items", "{D661074C-AEC1-4433-ACEC-DE0A2D37189C}"
	ProjectSection(SolutionItems) = preProject
		.gitattributes = .gitattributes
		.gitignore = .gitignore
		.github\workflows\deploy.yml = .github\workflows\deploy.yml
		Dockerfile = Dockerfile
		README.md = README.md
	EndProjectSection
EndProject
Project("{FAE04EC0-301F-11D3-BF4B-00C04F79EFBC}") = "Insfrastructure.Email.MailKit", "src\Insfrastructure.Email.MailKit\Insfrastructure.Email.MailKit.csproj", "{C90A1799-ACF6-47E4-8A23-EBC45A49D769}"
EndProject
Global
	GlobalSection(SolutionConfigurationPlatforms) = preSolution
		Debug|Any CPU = Debug|Any CPU
		Release|Any CPU = Release|Any CPU
	EndGlobalSection
	GlobalSection(ProjectConfigurationPlatforms) = postSolution
		{8E159FAF-03D8-4D43-A776-C14561E1B6F5}.Debug|Any CPU.ActiveCfg = Debug|Any CPU
		{8E159FAF-03D8-4D43-A776-C14561E1B6F5}.Debug|Any CPU.Build.0 = Debug|Any CPU
		{8E159FAF-03D8-4D43-A776-C14561E1B6F5}.Release|Any CPU.ActiveCfg = Release|Any CPU
		{8E159FAF-03D8-4D43-A776-C14561E1B6F5}.Release|Any CPU.Build.0 = Release|Any CPU
		{33EE6F72-1F93-4A28-BE64-A22B32D4735E}.Debug|Any CPU.ActiveCfg = Debug|Any CPU
		{33EE6F72-1F93-4A28-BE64-A22B32D4735E}.Debug|Any CPU.Build.0 = Debug|Any CPU
		{33EE6F72-1F93-4A28-BE64-A22B32D4735E}.Release|Any CPU.ActiveCfg = Release|Any CPU
		{33EE6F72-1F93-4A28-BE64-A22B32D4735E}.Release|Any CPU.Build.0 = Release|Any CPU
		{76D9EF6C-DE01-47F5-8FC1-E7C9567492E7}.Debug|Any CPU.ActiveCfg = Debug|Any CPU
		{76D9EF6C-DE01-47F5-8FC1-E7C9567492E7}.Debug|Any CPU.Build.0 = Debug|Any CPU
		{76D9EF6C-DE01-47F5-8FC1-E7C9567492E7}.Release|Any CPU.ActiveCfg = Release|Any CPU
		{76D9EF6C-DE01-47F5-8FC1-E7C9567492E7}.Release|Any CPU.Build.0 = Release|Any CPU
		{F4CE1411-B301-4320-AAF9-A7A4662470DA}.Debug|Any CPU.ActiveCfg = Debug|Any CPU
		{F4CE1411-B301-4320-AAF9-A7A4662470DA}.Debug|Any CPU.Build.0 = Debug|Any CPU
		{F4CE1411-B301-4320-AAF9-A7A4662470DA}.Release|Any CPU.ActiveCfg = Release|Any CPU
		{F4CE1411-B301-4320-AAF9-A7A4662470DA}.Release|Any CPU.Build.0 = Release|Any CPU
		{39501C69-7DE0-4E02-AAF5-D8042AF34E31}.Debug|Any CPU.ActiveCfg = Debug|Any CPU
		{39501C69-7DE0-4E02-AAF5-D8042AF34E31}.Debug|Any CPU.Build.0 = Debug|Any CPU
		{39501C69-7DE0-4E02-AAF5-D8042AF34E31}.Release|Any CPU.ActiveCfg = Release|Any CPU
		{39501C69-7DE0-4E02-AAF5-D8042AF34E31}.Release|Any CPU.Build.0 = Release|Any CPU
		{654D1153-FEF5-42BF-A7C9-2BF2B97AA092}.Debug|Any CPU.ActiveCfg = Debug|Any CPU
		{654D1153-FEF5-42BF-A7C9-2BF2B97AA092}.Debug|Any CPU.Build.0 = Debug|Any CPU
		{654D1153-FEF5-42BF-A7C9-2BF2B97AA092}.Release|Any CPU.ActiveCfg = Release|Any CPU
		{654D1153-FEF5-42BF-A7C9-2BF2B97AA092}.Release|Any CPU.Build.0 = Release|Any CPU
		{C90A1799-ACF6-47E4-8A23-EBC45A49D769}.Debug|Any CPU.ActiveCfg = Debug|Any CPU
		{C90A1799-ACF6-47E4-8A23-EBC45A49D769}.Debug|Any CPU.Build.0 = Debug|Any CPU
		{C90A1799-ACF6-47E4-8A23-EBC45A49D769}.Release|Any CPU.ActiveCfg = Release|Any CPU
		{C90A1799-ACF6-47E4-8A23-EBC45A49D769}.Release|Any CPU.Build.0 = Release|Any CPU
	EndGlobalSection
	GlobalSection(SolutionProperties) = preSolution
		HideSolutionNode = FALSE
	EndGlobalSection
	GlobalSection(NestedProjects) = preSolution
		{8E159FAF-03D8-4D43-A776-C14561E1B6F5} = {D9C5FDAB-AAA3-4B99-9E80-9180E4C2A820}
		{33EE6F72-1F93-4A28-BE64-A22B32D4735E} = {B9147D3D-4D14-4828-8E34-1C8C79DAAD2F}
		{76D9EF6C-DE01-47F5-8FC1-E7C9567492E7} = {B9147D3D-4D14-4828-8E34-1C8C79DAAD2F}
		{F4CE1411-B301-4320-AAF9-A7A4662470DA} = {B9147D3D-4D14-4828-8E34-1C8C79DAAD2F}
		{39501C69-7DE0-4E02-AAF5-D8042AF34E31} = {2CB9FBF1-6E1C-46C1-AD84-F1942D48D688}
		{654D1153-FEF5-42BF-A7C9-2BF2B97AA092} = {5E362483-0F80-48D4-A3CD-2EE80565DBDB}
		{2CB9FBF1-6E1C-46C1-AD84-F1942D48D688} = {AD51D48B-DF8A-48E0-B535-44C7D2E92027}
		{661CC174-4873-46D6-B14B-79FEA0E44636} = {AD51D48B-DF8A-48E0-B535-44C7D2E92027}
		{D9C5FDAB-AAA3-4B99-9E80-9180E4C2A820} = {AD51D48B-DF8A-48E0-B535-44C7D2E92027}
		{B9147D3D-4D14-4828-8E34-1C8C79DAAD2F} = {AD51D48B-DF8A-48E0-B535-44C7D2E92027}
		{5E362483-0F80-48D4-A3CD-2EE80565DBDB} = {AD51D48B-DF8A-48E0-B535-44C7D2E92027}
		{C90A1799-ACF6-47E4-8A23-EBC45A49D769} = {B9147D3D-4D14-4828-8E34-1C8C79DAAD2F}
	EndGlobalSection
	GlobalSection(ExtensibilityGlobals) = postSolution
		SolutionGuid = {EA41A154-6814-4D3A-B8F9-D6C839104FB2}
	EndGlobalSection
EndGlobal
